
Microsoft Visual Studio Solution File, Format Version 12.00
# Visual Studio 15
Project("{FAE04EC0-301F-11D3-BF4B-00C04F79EFBC}") = "Assembly-CSharp", "Assembly-CSharp.csproj", "{CACFA5C9-5B07-0895-CB1B-5088863C377A}"
EndProject
Global
	GlobalSection(SolutionConfigurationPlatforms) = preSolution
		Debug|Any CPU = Debug|Any CPU
		Release|Any CPU = Release|Any CPU
	EndGlobalSection
	GlobalSection(ProjectConfigurationPlatforms) = postSolution
		{CACFA5C9-5B07-0895-CB1B-5088863C377A}.Debug|Any CPU.ActiveCfg = Debug|Any CPU
		{CACFA5C9-5B07-0895-CB1B-5088863C377A}.Debug|Any CPU.Build.0 = Debug|Any CPU
		{CACFA5C9-5B07-0895-CB1B-5088863C377A}.Release|Any CPU.ActiveCfg = Release|Any CPU
		{CACFA5C9-5B07-0895-CB1B-5088863C377A}.Release|Any CPU.Build.0 = Release|Any CPU
	EndGlobalSection
	GlobalSection(SolutionProperties) = preSolution
		HideSolutionNode = FALSE
	EndGlobalSection
EndGlobal
